
Microsoft Visual Studio Solution File, Format Version 12.00
# Visual Studio Version 17
VisualStudioVersion = 17.9.34728.123
MinimumVisualStudioVersion = 10.0.40219.1
Project("{2150E333-8FDC-42A3-9474-1A3956D46DE8}") = "Creational", "Creational", "{55DBF51B-1DB2-404A-84D5-74A9B0A36F2C}"
EndProject
Project("{9A19103F-16F7-4668-BE54-9A1E7A4F7556}") = "DesignPatterns.Cretional.Singleton", "Creational\DesignPatterns.Cretional.Singleton\DesignPatterns.Cretional.Singleton.csproj", "{EE14DB27-71F4-4403-AC03-16B435047EF4}"
EndProject
Project("{2150E333-8FDC-42A3-9474-1A3956D46DE8}") = "Structural", "Structural", "{EF8E4C50-6A45-4769-99E4-038533DE35BF}"
EndProject
Project("{FAE04EC0-301F-11D3-BF4B-00C04F79EFBC}") = "DesignPatterns.Structural.Composite", "Structural\DesignPatterns.Structural.Composite\DesignPatterns.Structural.Composite.csproj", "{FD5287DA-7992-4143-9C8A-0B640E3F5076}"
EndProject
Project("{2150E333-8FDC-42A3-9474-1A3956D46DE8}") = "Behavioral", "Behavioral", "{79702A14-144D-4E5E-8095-7CA5910CA31A}"
EndProject
Project("{FAE04EC0-301F-11D3-BF4B-00C04F79EFBC}") = "DesignPatterns.Behavioral.Strategy", "Behavioral\DesignPatterns.Behavioral.Strategy\DesignPatterns.Behavioral.Strategy.csproj", "{EE1E6730-0E81-4929-8395-FF303640FF0A}"
EndProject
Project("{FAE04EC0-301F-11D3-BF4B-00C04F79EFBC}") = "DesignPatterns.Behavioral.Visitor", "Behavioral\DesignPatterns.Behavioral.Visitor\DesignPatterns.Behavioral.Visitor.csproj", "{AF84ED70-3F01-4FB9-BEC9-B01E5A1627C2}"
EndProject
Project("{FAE04EC0-301F-11D3-BF4B-00C04F79EFBC}") = "DesignPatterns.Behavioral.ChainOfResponsibility", "Behavioral\DesignPatterns.Behavioral.ChainOfResponsibility\DesignPatterns.Behavioral.ChainOfResponsibility.csproj", "{BE8559B6-A288-43FA-AEE0-8E645B26BB37}"
EndProject
Global
	GlobalSection(SolutionConfigurationPlatforms) = preSolution
		Debug|Any CPU = Debug|Any CPU
		Release|Any CPU = Release|Any CPU
	EndGlobalSection
	GlobalSection(ProjectConfigurationPlatforms) = postSolution
		{EE14DB27-71F4-4403-AC03-16B435047EF4}.Debug|Any CPU.ActiveCfg = Debug|Any CPU
		{EE14DB27-71F4-4403-AC03-16B435047EF4}.Debug|Any CPU.Build.0 = Debug|Any CPU
		{EE14DB27-71F4-4403-AC03-16B435047EF4}.Release|Any CPU.ActiveCfg = Release|Any CPU
		{EE14DB27-71F4-4403-AC03-16B435047EF4}.Release|Any CPU.Build.0 = Release|Any CPU
		{FD5287DA-7992-4143-9C8A-0B640E3F5076}.Debug|Any CPU.ActiveCfg = Debug|Any CPU
		{FD5287DA-7992-4143-9C8A-0B640E3F5076}.Debug|Any CPU.Build.0 = Debug|Any CPU
		{FD5287DA-7992-4143-9C8A-0B640E3F5076}.Release|Any CPU.ActiveCfg = Release|Any CPU
		{FD5287DA-7992-4143-9C8A-0B640E3F5076}.Release|Any CPU.Build.0 = Release|Any CPU
		{EE1E6730-0E81-4929-8395-FF303640FF0A}.Debug|Any CPU.ActiveCfg = Debug|Any CPU
		{EE1E6730-0E81-4929-8395-FF303640FF0A}.Debug|Any CPU.Build.0 = Debug|Any CPU
		{EE1E6730-0E81-4929-8395-FF303640FF0A}.Release|Any CPU.ActiveCfg = Release|Any CPU
		{EE1E6730-0E81-4929-8395-FF303640FF0A}.Release|Any CPU.Build.0 = Release|Any CPU
		{AF84ED70-3F01-4FB9-BEC9-B01E5A1627C2}.Debug|Any CPU.ActiveCfg = Debug|Any CPU
		{AF84ED70-3F01-4FB9-BEC9-B01E5A1627C2}.Debug|Any CPU.Build.0 = Debug|Any CPU
		{AF84ED70-3F01-4FB9-BEC9-B01E5A1627C2}.Release|Any CPU.ActiveCfg = Release|Any CPU
		{AF84ED70-3F01-4FB9-BEC9-B01E5A1627C2}.Release|Any CPU.Build.0 = Release|Any CPU
		{BE8559B6-A288-43FA-AEE0-8E645B26BB37}.Debug|Any CPU.ActiveCfg = Debug|Any CPU
		{BE8559B6-A288-43FA-AEE0-8E645B26BB37}.Debug|Any CPU.Build.0 = Debug|Any CPU
		{BE8559B6-A288-43FA-AEE0-8E645B26BB37}.Release|Any CPU.ActiveCfg = Release|Any CPU
		{BE8559B6-A288-43FA-AEE0-8E645B26BB37}.Release|Any CPU.Build.0 = Release|Any CPU
	EndGlobalSection
	GlobalSection(SolutionProperties) = preSolution
		HideSolutionNode = FALSE
	EndGlobalSection
	GlobalSection(NestedProjects) = preSolution
		{EE14DB27-71F4-4403-AC03-16B435047EF4} = {55DBF51B-1DB2-404A-84D5-74A9B0A36F2C}
		{FD5287DA-7992-4143-9C8A-0B640E3F5076} = {EF8E4C50-6A45-4769-99E4-038533DE35BF}
		{EE1E6730-0E81-4929-8395-FF303640FF0A} = {79702A14-144D-4E5E-8095-7CA5910CA31A}
		{AF84ED70-3F01-4FB9-BEC9-B01E5A1627C2} = {79702A14-144D-4E5E-8095-7CA5910CA31A}
		{BE8559B6-A288-43FA-AEE0-8E645B26BB37} = {79702A14-144D-4E5E-8095-7CA5910CA31A}
	EndGlobalSection
	GlobalSection(ExtensibilityGlobals) = postSolution
		SolutionGuid = {305A8F08-EB76-4619-8F4F-4AF5327F4E89}
	EndGlobalSection
EndGlobal
